
Microsoft Visual Studio Solution File, Format Version 12.00
# Visual Studio Version 16
VisualStudioVersion = 16.0.30717.126
MinimumVisualStudioVersion = 10.0.40219.1
Project("{FAE04EC0-301F-11D3-BF4B-00C04F79EFBC}") = "CodingExamples_DStructures_Algos", "CodingExamples_DStructures_Algos\CodingExamples_DStructures_Algos.csproj", "{F46A72A3-2F9D-45F4-B35B-D908EFB0CAD0}"
EndProject
Global
	GlobalSection(SolutionConfigurationPlatforms) = preSolution
		Debug|Any CPU = Debug|Any CPU
		Release|Any CPU = Release|Any CPU
	EndGlobalSection
	GlobalSection(ProjectConfigurationPlatforms) = postSolution
		{F46A72A3-2F9D-45F4-B35B-D908EFB0CAD0}.Debug|Any CPU.ActiveCfg = Debug|Any CPU
		{F46A72A3-2F9D-45F4-B35B-D908EFB0CAD0}.Debug|Any CPU.Build.0 = Debug|Any CPU
		{F46A72A3-2F9D-45F4-B35B-D908EFB0CAD0}.Release|Any CPU.ActiveCfg = Release|Any CPU
		{F46A72A3-2F9D-45F4-B35B-D908EFB0CAD0}.Release|Any CPU.Build.0 = Release|Any CPU
	EndGlobalSection
	GlobalSection(SolutionProperties) = preSolution
		HideSolutionNode = FALSE
	EndGlobalSection
	GlobalSection(ExtensibilityGlobals) = postSolution
		SolutionGuid = {42890F90-1D54-4E1C-8E82-8957186F43F7}
	EndGlobalSection
EndGlobal
